<?xml version="1.0" encoding="utf-8"?>
<Project ToolsVersion="4.0" xmlns="http://schemas.microsoft.com/developer/msbuild/2003">
  <ItemGroup>
    <Filter Include="Utility">
      <UniqueIdentifier>{27beecfb-96d8-4b76-84ff-ebf8d93c07b7}</UniqueIdentifier>
    </Filter>
    <Filter Include="Game">
      <UniqueIdentifier>{c2e93943-001f-41ac-a12c-6b7c60e563e7}</UniqueIdentifier>
    </Filter>
    <Filter Include="Window">
      <UniqueIdentifier>{0af638b5-b73d-4a77-99e3-f7c4aeaa0ad6}</UniqueIdentifier>
    </Filter>
    <Filter Include="Graphics">
      <UniqueIdentifier>{e70a21b1-d642-4047-9d62-609108ae0f95}</UniqueIdentifier>
    </Filter>
    <Filter Include="MathLib">
      <UniqueIdentifier>{39bbafce-7dd4-46f1-80d3-1fc226745a66}</UniqueIdentifier>
    </Filter>
    <Filter Include="MathLib\MathUtils">
      <UniqueIdentifier>{6da10130-a3f4-4968-a5cf-285ce4227d08}</UniqueIdentifier>
    </Filter>
    <Filter Include="MathLib\Matrix">
      <UniqueIdentifier>{2075ee31-e9c6-4929-a4f0-a1f04e43bdeb}</UniqueIdentifier>
    </Filter>
    <Filter Include="MathLib\Vec">
      <UniqueIdentifier>{32a852e0-9f94-4406-93e9-e800cfb7debc}</UniqueIdentifier>
    </Filter>
    <Filter Include="MathLib\Quaternion">
      <UniqueIdentifier>{1afcd501-64f0-447b-9bab-197570e5b055}</UniqueIdentifier>
    </Filter>
    <Filter Include="Input">
      <UniqueIdentifier>{c8e4a46d-48bf-46ca-b3c8-424471d512f8}</UniqueIdentifier>
    </Filter>
    <Filter Include="Graphics\Textures">
      <UniqueIdentifier>{501fef5d-d48d-48a6-8a67-cf3ffb940af9}</UniqueIdentifier>
    </Filter>
    <Filter Include="Graphics\Textures\SOIL">
      <UniqueIdentifier>{9fd7f6a4-3891-4007-ba7e-bac5e5a0cc63}</UniqueIdentifier>
    </Filter>
    <Filter Include="Graphics\Fonts">
      <UniqueIdentifier>{21157547-92ae-40de-bdfa-3044630af334}</UniqueIdentifier>
    </Filter>
    <Filter Include="Character">
      <UniqueIdentifier>{0712d576-a506-4b80-846f-01b84b5ab658}</UniqueIdentifier>
    </Filter>
    <Filter Include="Lua">
      <UniqueIdentifier>{2f786d31-a284-4b85-9746-81bb7b86b899}</UniqueIdentifier>
    </Filter>
    <Filter Include="Lua\src">
      <UniqueIdentifier>{a89fd686-3895-465e-a3ae-3f3040be9c41}</UniqueIdentifier>
    </Filter>
    <Filter Include="Character\Behaviour">
      <UniqueIdentifier>{8a62c32f-dc5d-47ce-856b-096f854fe913}</UniqueIdentifier>
    </Filter>
    <Filter Include="Graphics\GLee">
      <UniqueIdentifier>{a8ad4bfc-9c19-4dbe-9ffa-d17c0773172a}</UniqueIdentifier>
    </Filter>
    <Filter Include="Graphics\Materials">
      <UniqueIdentifier>{9703539f-1b96-42e1-b36e-769886c74dbe}</UniqueIdentifier>
    </Filter>
    <Filter Include="Graphics\Meshes">
      <UniqueIdentifier>{2fe5153d-d3d1-4793-9411-83de01880b8c}</UniqueIdentifier>
    </Filter>
    <Filter Include="Graphics\Effects">
      <UniqueIdentifier>{47df0202-2923-4d70-a22b-903de8d61a88}</UniqueIdentifier>
    </Filter>
    <Filter Include="Graphics\Skeletal">
      <UniqueIdentifier>{dc98c8d0-d8af-4c04-8633-74c79b871fd6}</UniqueIdentifier>
    </Filter>
    <Filter Include="Game\Scene">
      <UniqueIdentifier>{c7828add-d843-4847-aca5-234213d654dc}</UniqueIdentifier>
    </Filter>
    <Filter Include="Physics">
      <UniqueIdentifier>{67be8172-894d-4be2-8161-b1a3343f8bb4}</UniqueIdentifier>
    </Filter>
    <Filter Include="Physics\Objects">
      <UniqueIdentifier>{c544184b-6859-4064-b4e0-0cfba469c382}</UniqueIdentifier>
    </Filter>
    <Filter Include="Game\Object">
      <UniqueIdentifier>{6047d9b6-33b1-4deb-8695-42b8c85df144}</UniqueIdentifier>
    </Filter>
  </ItemGroup>
  <ItemGroup>
    <ClInclude Include="Utility\Singleton.h">
      <Filter>Utility</Filter>
    </ClInclude>
    <ClInclude Include="Game\Game.h">
      <Filter>Game</Filter>
    </ClInclude>
    <ClInclude Include="Window\ApplicationProperties.h">
      <Filter>Window</Filter>
    </ClInclude>
    <ClInclude Include="Window\Window.h">
      <Filter>Window</Filter>
    </ClInclude>
    <ClInclude Include="Graphics\Camera.h">
      <Filter>Graphics</Filter>
    </ClInclude>
    <ClInclude Include="Graphics\GLHeaders.h">
      <Filter>Graphics</Filter>
    </ClInclude>
    <ClInclude Include="Graphics\GraphicManager.h">
      <Filter>Graphics</Filter>
    </ClInclude>
    <ClInclude Include="MathLib\MathConst.h">
      <Filter>MathLib</Filter>
    </ClInclude>
    <ClInclude Include="MathLib\MathLib.h">
      <Filter>MathLib</Filter>
    </ClInclude>
    <ClInclude Include="MathLib\MathUtils\LinearInterpolator.h">
      <Filter>MathLib\MathUtils</Filter>
    </ClInclude>
    <ClInclude Include="MathLib\MathUtils\LinearSplitFunction.h">
      <Filter>MathLib\MathUtils</Filter>
    </ClInclude>
    <ClInclude Include="MathLib\MathUtils\MathUtilsLib.h">
      <Filter>MathLib\MathUtils</Filter>
    </ClInclude>
    <ClInclude Include="MathLib\MathUtils\Plane.h">
      <Filter>MathLib\MathUtils</Filter>
    </ClInclude>
    <ClInclude Include="MathLib\Matrix\Matrix.h">
      <Filter>MathLib\Matrix</Filter>
    </ClInclude>
    <ClInclude Include="MathLib\Matrix\Matrix44Col.h">
      <Filter>MathLib\Matrix</Filter>
    </ClInclude>
    <ClInclude Include="MathLib\Matrix\Matrix44Row.h">
      <Filter>MathLib\Matrix</Filter>
    </ClInclude>
    <ClInclude Include="MathLib\Matrix\MatrixFunc.h">
      <Filter>MathLib\Matrix</Filter>
    </ClInclude>
    <ClInclude Include="MathLib\Matrix\MatrixLib.h">
      <Filter>MathLib\Matrix</Filter>
    </ClInclude>
    <ClInclude Include="MathLib\Quaternion\Quaternion.h">
      <Filter>MathLib\Quaternion</Filter>
    </ClInclude>
    <ClInclude Include="MathLib\Quaternion\QuaternionFunc.h">
      <Filter>MathLib\Quaternion</Filter>
    </ClInclude>
    <ClInclude Include="MathLib\Quaternion\QuaternionLib.h">
      <Filter>MathLib\Quaternion</Filter>
    </ClInclude>
    <ClInclude Include="MathLib\Vec\Vec2.h">
      <Filter>MathLib\Vec</Filter>
    </ClInclude>
    <ClInclude Include="MathLib\Vec\Vec3.h">
      <Filter>MathLib\Vec</Filter>
    </ClInclude>
    <ClInclude Include="MathLib\Vec\Vec4.h">
      <Filter>MathLib\Vec</Filter>
    </ClInclude>
    <ClInclude Include="MathLib\Vec\VecFunc.h">
      <Filter>MathLib\Vec</Filter>
    </ClInclude>
    <ClInclude Include="MathLib\Vec\VecLib.h">
      <Filter>MathLib\Vec</Filter>
    </ClInclude>
    <ClInclude Include="Input\GenericDevice.h">
      <Filter>Input</Filter>
    </ClInclude>
    <ClInclude Include="Input\InputAction.h">
      <Filter>Input</Filter>
    </ClInclude>
    <ClInclude Include="Input\InputEntry.h">
      <Filter>Input</Filter>
    </ClInclude>
    <ClInclude Include="Input\KeyBoard.h">
      <Filter>Input</Filter>
    </ClInclude>
    <ClInclude Include="Game\InputConfiguration.h">
      <Filter>Game</Filter>
    </ClInclude>
    <ClInclude Include="Input\InputManager.h">
      <Filter>Input</Filter>
    </ClInclude>
    <ClInclude Include="Input\Pad.h">
      <Filter>Input</Filter>
    </ClInclude>
    <ClInclude Include="Utility\Debug.h">
      <Filter>Utility</Filter>
    </ClInclude>
    <ClInclude Include="Input\Mouse.h">
      <Filter>Input</Filter>
    </ClInclude>
    <ClInclude Include="Graphics\Textures\SOIL\image_DXT.h">
      <Filter>Graphics\Textures\SOIL</Filter>
    </ClInclude>
    <ClInclude Include="Graphics\Textures\SOIL\image_helper.h">
      <Filter>Graphics\Textures\SOIL</Filter>
    </ClInclude>
    <ClInclude Include="Graphics\Textures\SOIL\SOIL.h">
      <Filter>Graphics\Textures\SOIL</Filter>
    </ClInclude>
    <ClInclude Include="Graphics\Textures\SOIL\stb_image_aug.h">
      <Filter>Graphics\Textures\SOIL</Filter>
    </ClInclude>
    <ClInclude Include="Graphics\Textures\SOIL\stbi_DDS_aug.h">
      <Filter>Graphics\Textures\SOIL</Filter>
    </ClInclude>
    <ClInclude Include="Graphics\Textures\SOIL\stbi_DDS_aug_c.h">
      <Filter>Graphics\Textures\SOIL</Filter>
    </ClInclude>
    <ClInclude Include="Graphics\Textures\TextureManager.h">
      <Filter>Graphics\Textures</Filter>
    </ClInclude>
    <ClInclude Include="Graphics\Textures\Texture.h">
      <Filter>Graphics\Textures</Filter>
    </ClInclude>
    <ClInclude Include="Graphics\Fonts\acgfx_font.h">
      <Filter>Graphics\Fonts</Filter>
    </ClInclude>
    <ClInclude Include="Graphics\Fonts\acutil_unicode.h">
      <Filter>Graphics\Fonts</Filter>
    </ClInclude>
    <ClInclude Include="Character\Character.h">
      <Filter>Character</Filter>
    </ClInclude>
    <ClInclude Include="Character\CharacterManager.h">
      <Filter>Character</Filter>
    </ClInclude>
    <ClInclude Include="Lua\src\lapi.h">
      <Filter>Lua\src</Filter>
    </ClInclude>
    <ClInclude Include="Lua\src\lauxlib.h">
      <Filter>Lua\src</Filter>
    </ClInclude>
    <ClInclude Include="Lua\src\lcode.h">
      <Filter>Lua\src</Filter>
    </ClInclude>
    <ClInclude Include="Lua\src\ldebug.h">
      <Filter>Lua\src</Filter>
    </ClInclude>
    <ClInclude Include="Lua\src\ldo.h">
      <Filter>Lua\src</Filter>
    </ClInclude>
    <ClInclude Include="Lua\src\lfunc.h">
      <Filter>Lua\src</Filter>
    </ClInclude>
    <ClInclude Include="Lua\src\lgc.h">
      <Filter>Lua\src</Filter>
    </ClInclude>
    <ClInclude Include="Lua\src\llex.h">
      <Filter>Lua\src</Filter>
    </ClInclude>
    <ClInclude Include="Lua\src\llimits.h">
      <Filter>Lua\src</Filter>
    </ClInclude>
    <ClInclude Include="Lua\src\lmem.h">
      <Filter>Lua\src</Filter>
    </ClInclude>
    <ClInclude Include="Lua\src\lobject.h">
      <Filter>Lua\src</Filter>
    </ClInclude>
    <ClInclude Include="Lua\src\lopcodes.h">
      <Filter>Lua\src</Filter>
    </ClInclude>
    <ClInclude Include="Lua\src\lparser.h">
      <Filter>Lua\src</Filter>
    </ClInclude>
    <ClInclude Include="Lua\src\lstate.h">
      <Filter>Lua\src</Filter>
    </ClInclude>
    <ClInclude Include="Lua\src\lstring.h">
      <Filter>Lua\src</Filter>
    </ClInclude>
    <ClInclude Include="Lua\src\ltable.h">
      <Filter>Lua\src</Filter>
    </ClInclude>
    <ClInclude Include="Lua\src\ltm.h">
      <Filter>Lua\src</Filter>
    </ClInclude>
    <ClInclude Include="Lua\src\lua.h">
      <Filter>Lua\src</Filter>
    </ClInclude>
    <ClInclude Include="Lua\src\luaconf.h">
      <Filter>Lua\src</Filter>
    </ClInclude>
    <ClInclude Include="Lua\src\lualib.h">
      <Filter>Lua\src</Filter>
    </ClInclude>
    <ClInclude Include="Lua\src\lundump.h">
      <Filter>Lua\src</Filter>
    </ClInclude>
    <ClInclude Include="Lua\src\lvm.h">
      <Filter>Lua\src</Filter>
    </ClInclude>
    <ClInclude Include="Lua\src\lzio.h">
      <Filter>Lua\src</Filter>
    </ClInclude>
    <ClInclude Include="Lua\LuaManager.h">
      <Filter>Lua</Filter>
    </ClInclude>
    <ClInclude Include="Character\Behaviour\behaviourbase.h">
      <Filter>Character\Behaviour</Filter>
    </ClInclude>
    <ClInclude Include="Character\Behaviour\ChaserNoOrientation.h">
      <Filter>Character\Behaviour</Filter>
    </ClInclude>
    <ClInclude Include="Character\Behaviour\ChaserBase.h">
      <Filter>Character\Behaviour</Filter>
    </ClInclude>
    <ClInclude Include="Character\Behaviour\ChaserSnapOrientation.h">
      <Filter>Character\Behaviour</Filter>
    </ClInclude>
    <ClInclude Include="Character\Behaviour\ChaserWithOrientation.h">
      <Filter>Character\Behaviour</Filter>
    </ClInclude>
    <ClInclude Include="Character\Behaviour\BehaviourManager.h">
      <Filter>Character\Behaviour</Filter>
    </ClInclude>
    <ClInclude Include="Lua\LuaFunctions.h">
      <Filter>Lua</Filter>
    </ClInclude>
    <ClInclude Include="Graphics\GLee\GLee.h">
      <Filter>Graphics\GLee</Filter>
    </ClInclude>
    <ClInclude Include="Character\Behaviour\patrol.h">
      <Filter>Character\Behaviour</Filter>
    </ClInclude>
    <ClInclude Include="Character\Behaviour\PlayerController.h">
      <Filter>Character\Behaviour</Filter>
    </ClInclude>
    <ClInclude Include="Graphics\Materials\MaterialData.h">
      <Filter>Graphics\Materials</Filter>
    </ClInclude>
    <ClInclude Include="Graphics\Materials\MaterialManager.h">
      <Filter>Graphics\Materials</Filter>
    </ClInclude>
    <ClInclude Include="Graphics\Materials\Material.h">
      <Filter>Graphics\Materials</Filter>
    </ClInclude>
    <ClInclude Include="Graphics\Fonts\FontManager.h">
      <Filter>Graphics\Fonts</Filter>
    </ClInclude>
    <ClInclude Include="Graphics\Meshes\Mesh.h">
      <Filter>Graphics\Meshes</Filter>
    </ClInclude>
    <ClInclude Include="Graphics\Meshes\MeshManager.h">
      <Filter>Graphics\Meshes</Filter>
    </ClInclude>
    <ClInclude Include="Graphics\Effects\EffectManager.h">
      <Filter>Graphics\Effects</Filter>
    </ClInclude>
    <ClInclude Include="Graphics\Effects\Effect.h">
      <Filter>Graphics\Effects</Filter>
    </ClInclude>
    <ClInclude Include="Utility\FileUtils.h">
      <Filter>Utility</Filter>
    </ClInclude>
    <ClInclude Include="Utility\Resource.h">
      <Filter>Utility</Filter>
    </ClInclude>
    <ClInclude Include="Utility\ResourceHandle.h">
      <Filter>Utility</Filter>
    </ClInclude>
    <ClInclude Include="Utility\ResourceManager.h">
      <Filter>Utility</Filter>
    </ClInclude>
    <ClInclude Include="Graphics\Skeletal\SkeletalManager.h">
      <Filter>Graphics\Skeletal</Filter>
    </ClInclude>
    <ClInclude Include="Graphics\Skeletal\SkeletalCoreModel.h">
      <Filter>Graphics\Skeletal</Filter>
    </ClInclude>
    <ClInclude Include="Graphics\Skeletal\SkeletalMesh.h">
      <Filter>Graphics\Skeletal</Filter>
    </ClInclude>
    <ClInclude Include="Physics\PhysicsManager.h">
      <Filter>Physics</Filter>
    </ClInclude>
    <ClInclude Include="Physics\PhysicsObject.h">
      <Filter>Physics</Filter>
    </ClInclude>
    <ClInclude Include="Game\Scene\SubModel.h">
      <Filter>Game\Scene</Filter>
    </ClInclude>
    <ClInclude Include="Game\Scene\Model.h">
      <Filter>Game\Scene</Filter>
    </ClInclude>
    <ClInclude Include="Game\Scene\ModelManager.h">
      <Filter>Game\Scene</Filter>
    </ClInclude>
    <ClInclude Include="Physics\Objects\PhysicsCube.h">
      <Filter>Physics\Objects</Filter>
    </ClInclude>
    <ClInclude Include="Physics\PhysicObjectType.h">
      <Filter>Physics</Filter>
    </ClInclude>
    <ClInclude Include="Game\Object\Object.h">
      <Filter>Game\Object</Filter>
    </ClInclude>
    <ClInclude Include="Game\Object\ObjectManager.h">
      <Filter>Game\Object</Filter>
    </ClInclude>
    <ClInclude Include="Game\Object\ObjectPlayer.h">
      <Filter>Game\Object</Filter>
    </ClInclude>
    <ClInclude Include="Game\Object\ObjectPista.h">
      <Filter>Game\Object</Filter>
    </ClInclude>
    <ClInclude Include="Physics\Objects\PhysicsPlayer.h">
      <Filter>Physics\Objects</Filter>
    </ClInclude>
    <ClInclude Include="Physics\Objects\PhysicsPista.h">
      <Filter>Physics\Objects</Filter>
    </ClInclude>
    <ClInclude Include="Graphics\CameraNavigator.h">
      <Filter>Graphics</Filter>
    </ClInclude>
    <ClInclude Include="Physics\Objects\PhysicsVehicle.h">
      <Filter>Physics\Objects</Filter>
    </ClInclude>
    <ClInclude Include="Game\Object\ObjectVehicle.h">
      <Filter>Game\Object</Filter>
    </ClInclude>
    <ClInclude Include="Game\Object\ObjectType.h">
      <Filter>Game\Object</Filter>
    </ClInclude>
  </ItemGroup>
  <ItemGroup>
    <ClCompile Include="Game\Game.cpp">
      <Filter>Game</Filter>
    </ClCompile>
    <ClCompile Include="main.cpp" />
    <ClCompile Include="Window\Window.cpp">
      <Filter>Window</Filter>
    </ClCompile>
    <ClCompile Include="Graphics\Camera.cpp">
      <Filter>Graphics</Filter>
    </ClCompile>
    <ClCompile Include="Graphics\GraphicManager.cpp">
      <Filter>Graphics</Filter>
    </ClCompile>
    <ClCompile Include="MathLib\Matrix\Matrix.cpp">
      <Filter>MathLib\Matrix</Filter>
    </ClCompile>
    <ClCompile Include="MathLib\Quaternion\QuaternionFunc.cpp">
      <Filter>MathLib\Quaternion</Filter>
    </ClCompile>
    <ClCompile Include="MathLib\Vec\Vec.cpp">
      <Filter>MathLib\Vec</Filter>
    </ClCompile>
    <ClCompile Include="Input\InputAction.cpp">
      <Filter>Input</Filter>
    </ClCompile>
    <ClCompile Include="Input\KeyBoard.cpp">
      <Filter>Input</Filter>
    </ClCompile>
    <ClCompile Include="Game\InputConfiguration.cpp">
      <Filter>Game</Filter>
    </ClCompile>
    <ClCompile Include="Input\InputManager.cpp">
      <Filter>Input</Filter>
    </ClCompile>
    <ClCompile Include="Input\Pad.cpp">
      <Filter>Input</Filter>
    </ClCompile>
    <ClCompile Include="Utility\Debug.cpp">
      <Filter>Utility</Filter>
    </ClCompile>
    <ClCompile Include="Window\ApplicationProperties.cpp">
      <Filter>Window</Filter>
    </ClCompile>
    <ClCompile Include="Input\Mouse.cpp">
      <Filter>Input</Filter>
    </ClCompile>
    <ClCompile Include="Graphics\Textures\SOIL\image_DXT.c">
      <Filter>Graphics\Textures\SOIL</Filter>
    </ClCompile>
    <ClCompile Include="Graphics\Textures\SOIL\image_helper.c">
      <Filter>Graphics\Textures\SOIL</Filter>
    </ClCompile>
    <ClCompile Include="Graphics\Textures\SOIL\SOIL.c">
      <Filter>Graphics\Textures\SOIL</Filter>
    </ClCompile>
    <ClCompile Include="Graphics\Textures\SOIL\stb_image_aug.c">
      <Filter>Graphics\Textures\SOIL</Filter>
    </ClCompile>
    <ClCompile Include="Graphics\Textures\TextureManager.cpp">
      <Filter>Graphics\Textures</Filter>
    </ClCompile>
    <ClCompile Include="Graphics\Textures\Texture.cpp">
      <Filter>Graphics\Textures</Filter>
    </ClCompile>
    <ClCompile Include="Graphics\Fonts\acgfx_font.cpp">
      <Filter>Graphics\Fonts</Filter>
    </ClCompile>
    <ClCompile Include="Graphics\Fonts\acutil_unicode.cpp">
      <Filter>Graphics\Fonts</Filter>
    </ClCompile>
    <ClCompile Include="Character\Character.cpp">
      <Filter>Character</Filter>
    </ClCompile>
    <ClCompile Include="Character\CharacterManager.cpp">
      <Filter>Character</Filter>
    </ClCompile>
    <ClCompile Include="Lua\src\lapi.c">
      <Filter>Lua\src</Filter>
    </ClCompile>
    <ClCompile Include="Lua\src\lauxlib.c">
      <Filter>Lua\src</Filter>
    </ClCompile>
    <ClCompile Include="Lua\src\lbaselib.c">
      <Filter>Lua\src</Filter>
    </ClCompile>
    <ClCompile Include="Lua\src\lcode.c">
      <Filter>Lua\src</Filter>
    </ClCompile>
    <ClCompile Include="Lua\src\ldblib.c">
      <Filter>Lua\src</Filter>
    </ClCompile>
    <ClCompile Include="Lua\src\ldebug.c">
      <Filter>Lua\src</Filter>
    </ClCompile>
    <ClCompile Include="Lua\src\ldo.c">
      <Filter>Lua\src</Filter>
    </ClCompile>
    <ClCompile Include="Lua\src\ldump.c">
      <Filter>Lua\src</Filter>
    </ClCompile>
    <ClCompile Include="Lua\src\lfunc.c">
      <Filter>Lua\src</Filter>
    </ClCompile>
    <ClCompile Include="Lua\src\lgc.c">
      <Filter>Lua\src</Filter>
    </ClCompile>
    <ClCompile Include="Lua\src\linit.c">
      <Filter>Lua\src</Filter>
    </ClCompile>
    <ClCompile Include="Lua\src\liolib.c">
      <Filter>Lua\src</Filter>
    </ClCompile>
    <ClCompile Include="Lua\src\llex.c">
      <Filter>Lua\src</Filter>
    </ClCompile>
    <ClCompile Include="Lua\src\lmathlib.c">
      <Filter>Lua\src</Filter>
    </ClCompile>
    <ClCompile Include="Lua\src\lmem.c">
      <Filter>Lua\src</Filter>
    </ClCompile>
    <ClCompile Include="Lua\src\loadlib.c">
      <Filter>Lua\src</Filter>
    </ClCompile>
    <ClCompile Include="Lua\src\lobject.c">
      <Filter>Lua\src</Filter>
    </ClCompile>
    <ClCompile Include="Lua\src\lopcodes.c">
      <Filter>Lua\src</Filter>
    </ClCompile>
    <ClCompile Include="Lua\src\loslib.c">
      <Filter>Lua\src</Filter>
    </ClCompile>
    <ClCompile Include="Lua\src\lparser.c">
      <Filter>Lua\src</Filter>
    </ClCompile>
    <ClCompile Include="Lua\src\lstate.c">
      <Filter>Lua\src</Filter>
    </ClCompile>
    <ClCompile Include="Lua\src\lstring.c">
      <Filter>Lua\src</Filter>
    </ClCompile>
    <ClCompile Include="Lua\src\lstrlib.c">
      <Filter>Lua\src</Filter>
    </ClCompile>
    <ClCompile Include="Lua\src\ltable.c">
      <Filter>Lua\src</Filter>
    </ClCompile>
    <ClCompile Include="Lua\src\ltablib.c">
      <Filter>Lua\src</Filter>
    </ClCompile>
    <ClCompile Include="Lua\src\ltm.c">
      <Filter>Lua\src</Filter>
    </ClCompile>
    <ClCompile Include="Lua\src\lundump.c">
      <Filter>Lua\src</Filter>
    </ClCompile>
    <ClCompile Include="Lua\src\lvm.c">
      <Filter>Lua\src</Filter>
    </ClCompile>
    <ClCompile Include="Lua\src\lzio.c">
      <Filter>Lua\src</Filter>
    </ClCompile>
    <ClCompile Include="Lua\src\print.c">
      <Filter>Lua\src</Filter>
    </ClCompile>
    <ClCompile Include="Lua\LuaManager.cpp">
      <Filter>Lua</Filter>
    </ClCompile>
    <ClCompile Include="Character\Behaviour\chaserbase.cpp">
      <Filter>Character\Behaviour</Filter>
    </ClCompile>
    <ClCompile Include="Character\Behaviour\ChaserNoOrientation.cpp">
      <Filter>Character\Behaviour</Filter>
    </ClCompile>
    <ClCompile Include="Character\Behaviour\ChaserSnapOrientation.cpp">
      <Filter>Character\Behaviour</Filter>
    </ClCompile>
    <ClCompile Include="Character\Behaviour\ChaserWithOrientation.cpp">
      <Filter>Character\Behaviour</Filter>
    </ClCompile>
    <ClCompile Include="Character\Behaviour\BehaviourManager.cpp">
      <Filter>Character\Behaviour</Filter>
    </ClCompile>
    <ClCompile Include="Lua\LuaFunctions.cpp">
      <Filter>Lua</Filter>
    </ClCompile>
    <ClCompile Include="Graphics\GLee\GLee.c">
      <Filter>Graphics\GLee</Filter>
    </ClCompile>
    <ClCompile Include="Character\Behaviour\patrol.cpp">
      <Filter>Character\Behaviour</Filter>
    </ClCompile>
    <ClCompile Include="Character\Behaviour\playercontroller.cpp">
      <Filter>Character\Behaviour</Filter>
    </ClCompile>
    <ClCompile Include="Graphics\Materials\MaterialManager.cpp">
      <Filter>Graphics\Materials</Filter>
    </ClCompile>
    <ClCompile Include="Graphics\Materials\Material.cpp">
      <Filter>Graphics\Materials</Filter>
    </ClCompile>
    <ClCompile Include="Graphics\Fonts\FontManager.cpp">
      <Filter>Graphics\Fonts</Filter>
    </ClCompile>
    <ClCompile Include="Graphics\Meshes\Mesh.cpp">
      <Filter>Graphics\Meshes</Filter>
    </ClCompile>
    <ClCompile Include="Graphics\Meshes\MeshManager.cpp">
      <Filter>Graphics\Meshes</Filter>
    </ClCompile>
    <ClCompile Include="Graphics\Effects\EffectManager.cpp">
      <Filter>Graphics\Effects</Filter>
    </ClCompile>
    <ClCompile Include="Graphics\Effects\Effect.cpp">
      <Filter>Graphics\Effects</Filter>
    </ClCompile>
    <ClCompile Include="Utility\FileUtils.cpp">
      <Filter>Utility</Filter>
    </ClCompile>
    <ClCompile Include="Utility\ResourceHandle.cpp">
      <Filter>Utility</Filter>
    </ClCompile>
    <ClCompile Include="Utility\ResourceManager.cpp">
      <Filter>Utility</Filter>
    </ClCompile>
    <ClCompile Include="Graphics\Skeletal\SkeletalManager.cpp">
      <Filter>Graphics\Skeletal</Filter>
    </ClCompile>
    <ClCompile Include="Graphics\Skeletal\SkeletalCoreModel.cpp">
      <Filter>Graphics\Skeletal</Filter>
    </ClCompile>
    <ClCompile Include="Graphics\Skeletal\SkeletalMesh.cpp">
      <Filter>Graphics\Skeletal</Filter>
    </ClCompile>
    <ClCompile Include="Physics\PhysicsManager.cpp">
      <Filter>Physics</Filter>
    </ClCompile>
    <ClCompile Include="Physics\PhysicsObject.cpp">
      <Filter>Physics</Filter>
    </ClCompile>
    <ClCompile Include="Game\Scene\SubModel.cpp">
      <Filter>Game\Scene</Filter>
    </ClCompile>
    <ClCompile Include="Game\Scene\Model.cpp">
      <Filter>Game\Scene</Filter>
    </ClCompile>
    <ClCompile Include="Game\Scene\ModelManager.cpp">
      <Filter>Game\Scene</Filter>
    </ClCompile>
    <ClCompile Include="Physics\Objects\PhysicsCube.cpp">
      <Filter>Physics\Objects</Filter>
    </ClCompile>
    <ClCompile Include="Game\Object\Object.cpp">
      <Filter>Game\Object</Filter>
    </ClCompile>
    <ClCompile Include="Game\Object\ObjectManager.cpp">
      <Filter>Game\Object</Filter>
    </ClCompile>
    <ClCompile Include="Game\Object\ObjectPlayer.cpp">
      <Filter>Game\Object</Filter>
    </ClCompile>
    <ClCompile Include="Game\Object\ObjectPista.cpp">
      <Filter>Game\Object</Filter>
    </ClCompile>
    <ClCompile Include="Physics\Objects\PhysicsPlayer.cpp">
      <Filter>Physics\Objects</Filter>
    </ClCompile>
    <ClCompile Include="Physics\Objects\PhysicsPista.cpp">
      <Filter>Physics\Objects</Filter>
    </ClCompile>
    <ClCompile Include="Graphics\CameraNavigator.cpp">
      <Filter>Graphics</Filter>
    </ClCompile>
    <ClCompile Include="Physics\Objects\PhysicsVehicle.cpp">
      <Filter>Physics\Objects</Filter>
    </ClCompile>
    <ClCompile Include="Game\Object\ObjectVehicle.cpp">
      <Filter>Game\Object</Filter>
    </ClCompile>
  </ItemGroup>
</Project>