<?xml version="1.0" encoding="utf-8"?>
<Project ToolsVersion="4.0" xmlns="http://schemas.microsoft.com/developer/msbuild/2003">
  <ItemGroup>
    <Filter Include="Utility">
      <UniqueIdentifier>{27beecfb-96d8-4b76-84ff-ebf8d93c07b7}</UniqueIdentifier>
    </Filter>
    <Filter Include="Game">
      <UniqueIdentifier>{c2e93943-001f-41ac-a12c-6b7c60e563e7}</UniqueIdentifier>
    </Filter>
    <Filter Include="Window">
      <UniqueIdentifier>{0af638b5-b73d-4a77-99e3-f7c4aeaa0ad6}</UniqueIdentifier>
    </Filter>
    <Filter Include="Graphics">
      <UniqueIdentifier>{e70a21b1-d642-4047-9d62-609108ae0f95}</UniqueIdentifier>
    </Filter>
    <Filter Include="MathLib">
      <UniqueIdentifier>{39bbafce-7dd4-46f1-80d3-1fc226745a66}</UniqueIdentifier>
    </Filter>
    <Filter Include="MathLib\MathUtils">
      <UniqueIdentifier>{6da10130-a3f4-4968-a5cf-285ce4227d08}</UniqueIdentifier>
    </Filter>
    <Filter Include="MathLib\Matrix">
      <UniqueIdentifier>{2075ee31-e9c6-4929-a4f0-a1f04e43bdeb}</UniqueIdentifier>
    </Filter>
    <Filter Include="MathLib\Vec">
      <UniqueIdentifier>{32a852e0-9f94-4406-93e9-e800cfb7debc}</UniqueIdentifier>
    </Filter>
    <Filter Include="MathLib\Quaternion">
      <UniqueIdentifier>{1afcd501-64f0-447b-9bab-197570e5b055}</UniqueIdentifier>
    </Filter>
    <Filter Include="Input">
      <UniqueIdentifier>{c8e4a46d-48bf-46ca-b3c8-424471d512f8}</UniqueIdentifier>
    </Filter>
  </ItemGroup>
  <ItemGroup>
    <ClInclude Include="Utility\Singleton.h">
      <Filter>Utility</Filter>
    </ClInclude>
    <ClInclude Include="Game\Game.h">
      <Filter>Game</Filter>
    </ClInclude>
    <ClInclude Include="Window\ApplicationProperties.h">
      <Filter>Window</Filter>
    </ClInclude>
    <ClInclude Include="Window\Window.h">
      <Filter>Window</Filter>
    </ClInclude>
    <ClInclude Include="Graphics\Camera.h">
      <Filter>Graphics</Filter>
    </ClInclude>
    <ClInclude Include="Graphics\GLHeaders.h">
      <Filter>Graphics</Filter>
    </ClInclude>
    <ClInclude Include="Graphics\GraphicManager.h">
      <Filter>Graphics</Filter>
    </ClInclude>
    <ClInclude Include="MathLib\MathConst.h">
      <Filter>MathLib</Filter>
    </ClInclude>
    <ClInclude Include="MathLib\MathLib.h">
      <Filter>MathLib</Filter>
    </ClInclude>
    <ClInclude Include="MathLib\MathUtils\LinearInterpolator.h">
      <Filter>MathLib\MathUtils</Filter>
    </ClInclude>
    <ClInclude Include="MathLib\MathUtils\LinearSplitFunction.h">
      <Filter>MathLib\MathUtils</Filter>
    </ClInclude>
    <ClInclude Include="MathLib\MathUtils\MathUtilsLib.h">
      <Filter>MathLib\MathUtils</Filter>
    </ClInclude>
    <ClInclude Include="MathLib\MathUtils\Plane.h">
      <Filter>MathLib\MathUtils</Filter>
    </ClInclude>
    <ClInclude Include="MathLib\Matrix\Matrix.h">
      <Filter>MathLib\Matrix</Filter>
    </ClInclude>
    <ClInclude Include="MathLib\Matrix\Matrix44Col.h">
      <Filter>MathLib\Matrix</Filter>
    </ClInclude>
    <ClInclude Include="MathLib\Matrix\Matrix44Row.h">
      <Filter>MathLib\Matrix</Filter>
    </ClInclude>
    <ClInclude Include="MathLib\Matrix\MatrixFunc.h">
      <Filter>MathLib\Matrix</Filter>
    </ClInclude>
    <ClInclude Include="MathLib\Matrix\MatrixLib.h">
      <Filter>MathLib\Matrix</Filter>
    </ClInclude>
    <ClInclude Include="MathLib\Quaternion\Quaternion.h">
      <Filter>MathLib\Quaternion</Filter>
    </ClInclude>
    <ClInclude Include="MathLib\Quaternion\QuaternionFunc.h">
      <Filter>MathLib\Quaternion</Filter>
    </ClInclude>
    <ClInclude Include="MathLib\Quaternion\QuaternionLib.h">
      <Filter>MathLib\Quaternion</Filter>
    </ClInclude>
    <ClInclude Include="MathLib\Vec\Vec2.h">
      <Filter>MathLib\Vec</Filter>
    </ClInclude>
    <ClInclude Include="MathLib\Vec\Vec3.h">
      <Filter>MathLib\Vec</Filter>
    </ClInclude>
    <ClInclude Include="MathLib\Vec\Vec4.h">
      <Filter>MathLib\Vec</Filter>
    </ClInclude>
    <ClInclude Include="MathLib\Vec\VecFunc.h">
      <Filter>MathLib\Vec</Filter>
    </ClInclude>
    <ClInclude Include="MathLib\Vec\VecLib.h">
      <Filter>MathLib\Vec</Filter>
    </ClInclude>
    <ClInclude Include="Input\GenericDevice.h">
      <Filter>Input</Filter>
    </ClInclude>
    <ClInclude Include="Input\InputAction.h">
      <Filter>Input</Filter>
    </ClInclude>
    <ClInclude Include="Input\InputEntry.h">
      <Filter>Input</Filter>
    </ClInclude>
    <ClInclude Include="Input\KeyBoard.h">
      <Filter>Input</Filter>
    </ClInclude>
    <ClInclude Include="Game\InputConfiguration.h">
      <Filter>Game</Filter>
    </ClInclude>
    <ClInclude Include="Input\InputManager.h">
      <Filter>Input</Filter>
    </ClInclude>
  </ItemGroup>
  <ItemGroup>
    <ClCompile Include="Game\Game.cpp">
      <Filter>Game</Filter>
    </ClCompile>
    <ClCompile Include="main.cpp" />
    <ClCompile Include="Window\Window.cpp">
      <Filter>Window</Filter>
    </ClCompile>
    <ClCompile Include="Graphics\Camera.cpp">
      <Filter>Graphics</Filter>
    </ClCompile>
    <ClCompile Include="Graphics\GraphicManager.cpp">
      <Filter>Graphics</Filter>
    </ClCompile>
    <ClCompile Include="MathLib\Matrix\Matrix.cpp">
      <Filter>MathLib\Matrix</Filter>
    </ClCompile>
    <ClCompile Include="MathLib\Quaternion\QuaternionFunc.cpp">
      <Filter>MathLib\Quaternion</Filter>
    </ClCompile>
    <ClCompile Include="MathLib\Vec\Vec.cpp">
      <Filter>MathLib\Vec</Filter>
    </ClCompile>
    <ClCompile Include="Input\InputAction.cpp">
      <Filter>Input</Filter>
    </ClCompile>
    <ClCompile Include="Input\KeyBoard.cpp">
      <Filter>Input</Filter>
    </ClCompile>
    <ClCompile Include="Game\InputConfiguration.cpp">
      <Filter>Game</Filter>
    </ClCompile>
    <ClCompile Include="Input\InputManager.cpp">
      <Filter>Input</Filter>
    </ClCompile>
  </ItemGroup>
</Project>