<?xml version="1.0" encoding="utf-8"?>
<Project ToolsVersion="4.0" xmlns="http://schemas.microsoft.com/developer/msbuild/2003">
  <ItemGroup>
    <Filter Include="Utility">
      <UniqueIdentifier>{5be3554a-9500-4d9c-8877-d37aaec3f861}</UniqueIdentifier>
    </Filter>
    <Filter Include="Game">
      <UniqueIdentifier>{89d391f8-1382-4aa9-b4c4-4783782f2485}</UniqueIdentifier>
    </Filter>
    <Filter Include="Window">
      <UniqueIdentifier>{762e5f4f-df1a-47a2-988f-f63d8a84cd4d}</UniqueIdentifier>
    </Filter>
    <Filter Include="Graphics">
      <UniqueIdentifier>{57e57b90-9a0c-4cc8-861e-57e18d622b1d}</UniqueIdentifier>
    </Filter>
    <Filter Include="Data">
      <UniqueIdentifier>{df15c34a-03c2-45f3-82ec-dc39888da515}</UniqueIdentifier>
    </Filter>
    <Filter Include="MathLib">
      <UniqueIdentifier>{a17d7b99-39b0-4e17-9250-310f94281cc3}</UniqueIdentifier>
    </Filter>
    <Filter Include="MathLib\MathUtils">
      <UniqueIdentifier>{c89f2753-373f-4543-8c21-4611b9d12416}</UniqueIdentifier>
    </Filter>
    <Filter Include="MathLib\Matrix">
      <UniqueIdentifier>{ff1bde3d-9823-4b35-9621-684de310ca71}</UniqueIdentifier>
    </Filter>
    <Filter Include="MathLib\Quaternion">
      <UniqueIdentifier>{ef42c3bc-c0db-4949-8d39-4fbe450db2f3}</UniqueIdentifier>
    </Filter>
    <Filter Include="MathLib\Vec">
      <UniqueIdentifier>{8ed98f3a-ffc1-42c8-906e-c9c0b43e8df4}</UniqueIdentifier>
    </Filter>
  </ItemGroup>
  <ItemGroup>
    <ClInclude Include="Utility\Singleton.h">
      <Filter>Utility</Filter>
    </ClInclude>
    <ClInclude Include="Game\Game.h">
      <Filter>Game</Filter>
    </ClInclude>
    <ClInclude Include="Utility\Console.h">
      <Filter>Utility</Filter>
    </ClInclude>
    <ClInclude Include="Window\Window.h">
      <Filter>Window</Filter>
    </ClInclude>
    <ClInclude Include="Window\ApplicationProperties.h">
      <Filter>Window</Filter>
    </ClInclude>
    <ClInclude Include="Graphics\GraphicManager.h">
      <Filter>Graphics</Filter>
    </ClInclude>
    <ClInclude Include="Graphics\GLHeaders.h">
      <Filter>Graphics</Filter>
    </ClInclude>
    <ClInclude Include="MathLib\MathConst.h">
      <Filter>MathLib</Filter>
    </ClInclude>
    <ClInclude Include="MathLib\MathLib.h">
      <Filter>MathLib</Filter>
    </ClInclude>
    <ClInclude Include="MathLib\MathUtils\LinearInterpolator.h">
      <Filter>MathLib\MathUtils</Filter>
    </ClInclude>
    <ClInclude Include="MathLib\MathUtils\LinearSplitFunction.h">
      <Filter>MathLib\MathUtils</Filter>
    </ClInclude>
    <ClInclude Include="MathLib\MathUtils\MathUtilsLib.h">
      <Filter>MathLib\MathUtils</Filter>
    </ClInclude>
    <ClInclude Include="MathLib\MathUtils\Plane.h">
      <Filter>MathLib\MathUtils</Filter>
    </ClInclude>
    <ClInclude Include="MathLib\Matrix\Matrix.h">
      <Filter>MathLib\Matrix</Filter>
    </ClInclude>
    <ClInclude Include="MathLib\Matrix\Matrix44Col.h">
      <Filter>MathLib\Matrix</Filter>
    </ClInclude>
    <ClInclude Include="MathLib\Matrix\Matrix44Row.h">
      <Filter>MathLib\Matrix</Filter>
    </ClInclude>
    <ClInclude Include="MathLib\Matrix\MatrixFunc.h">
      <Filter>MathLib\Matrix</Filter>
    </ClInclude>
    <ClInclude Include="MathLib\Matrix\MatrixLib.h">
      <Filter>MathLib\Matrix</Filter>
    </ClInclude>
    <ClInclude Include="MathLib\Quaternion\Quaternion.h">
      <Filter>MathLib\Quaternion</Filter>
    </ClInclude>
    <ClInclude Include="MathLib\Quaternion\QuaternionFunc.h">
      <Filter>MathLib\Quaternion</Filter>
    </ClInclude>
    <ClInclude Include="MathLib\Quaternion\QuaternionLib.h">
      <Filter>MathLib\Quaternion</Filter>
    </ClInclude>
    <ClInclude Include="MathLib\Vec\Vec2.h">
      <Filter>MathLib\Vec</Filter>
    </ClInclude>
    <ClInclude Include="MathLib\Vec\Vec3.h">
      <Filter>MathLib\Vec</Filter>
    </ClInclude>
    <ClInclude Include="MathLib\Vec\Vec4.h">
      <Filter>MathLib\Vec</Filter>
    </ClInclude>
    <ClInclude Include="MathLib\Vec\VecFunc.h">
      <Filter>MathLib\Vec</Filter>
    </ClInclude>
    <ClInclude Include="MathLib\Vec\VecLib.h">
      <Filter>MathLib\Vec</Filter>
    </ClInclude>
    <ClInclude Include="Graphics\Camera.h">
      <Filter>Graphics</Filter>
    </ClInclude>
  </ItemGroup>
  <ItemGroup>
    <ClCompile Include="Game\Game.cpp">
      <Filter>Game</Filter>
    </ClCompile>
    <ClCompile Include="main.cpp" />
    <ClCompile Include="Window\Window.cpp">
      <Filter>Window</Filter>
    </ClCompile>
    <ClCompile Include="Graphics\GraphicManager.cpp">
      <Filter>Graphics</Filter>
    </ClCompile>
    <ClCompile Include="MathLib\Matrix\Matrix.cpp">
      <Filter>MathLib\Matrix</Filter>
    </ClCompile>
    <ClCompile Include="MathLib\Quaternion\QuaternionFunc.cpp">
      <Filter>MathLib\Quaternion</Filter>
    </ClCompile>
    <ClCompile Include="MathLib\Vec\Vec.cpp">
      <Filter>MathLib\Vec</Filter>
    </ClCompile>
    <ClCompile Include="Graphics\Camera.cpp">
      <Filter>Graphics</Filter>
    </ClCompile>
  </ItemGroup>
  <ItemGroup>
    <None Include="Data\Config.xml">
      <Filter>Data</Filter>
    </None>
  </ItemGroup>
</Project>