
Microsoft Visual Studio Solution File, Format Version 11.00
# Visual Studio 2010
Project("{8BC9CEB8-8B4A-11D0-8D11-00A0C91BC942}") = "BasicEngine", "BasicEngine\BasicEngine.vcxproj", "{B125919C-684B-48ED-9BB2-6E6F1BD28C8A}"
	ProjectSection(ProjectDependencies) = postProject
		{CFC90933-1F42-4728-A4DC-A14EEF4D2F84} = {CFC90933-1F42-4728-A4DC-A14EEF4D2F84}
		{519F115F-F196-49FE-9B24-49618A6202BB} = {519F115F-F196-49FE-9B24-49618A6202BB}
		{C0E1329C-3D6F-492D-8EFF-08069F096C6E} = {C0E1329C-3D6F-492D-8EFF-08069F096C6E}
		{271C4AD6-670C-280A-356B-5B5066959EC2} = {271C4AD6-670C-280A-356B-5B5066959EC2}
		{C50159E6-AB98-46A3-81DA-720CC6A8A86E} = {C50159E6-AB98-46A3-81DA-720CC6A8A86E}
	EndProjectSection
EndProject
Project("{8BC9CEB8-8B4A-11D0-8D11-00A0C91BC942}") = "OIS_VS2010", "BasicEngine\Input\OIS_VS2010.vcxproj", "{CFC90933-1F42-4728-A4DC-A14EEF4D2F84}"
EndProject
Project("{8BC9CEB8-8B4A-11D0-8D11-00A0C91BC942}") = "BulletCollision", "bullet-2.78\msvc\2008\src\BulletCollision\BulletCollision.vcxproj", "{C0E1329C-3D6F-492D-8EFF-08069F096C6E}"
EndProject
Project("{8BC9CEB8-8B4A-11D0-8D11-00A0C91BC942}") = "BulletDynamics", "bullet-2.78\msvc\2008\src\BulletDynamics\BulletDynamics.vcxproj", "{C50159E6-AB98-46A3-81DA-720CC6A8A86E}"
EndProject
Project("{8BC9CEB8-8B4A-11D0-8D11-00A0C91BC942}") = "LinearMath", "bullet-2.78\msvc\2008\src\LinearMath\LinearMath.vcxproj", "{519F115F-F196-49FE-9B24-49618A6202BB}"
EndProject
Project("{8BC9CEB8-8B4A-11D0-8D11-00A0C91BC942}") = "BulletAppTest", "BulletAppTest\BulletAppTest.vcxproj", "{7FCC64C9-90AB-4ED4-8AB3-3230F2C895FF}"
	ProjectSection(ProjectDependencies) = postProject
		{519F115F-F196-49FE-9B24-49618A6202BB} = {519F115F-F196-49FE-9B24-49618A6202BB}
		{C0E1329C-3D6F-492D-8EFF-08069F096C6E} = {C0E1329C-3D6F-492D-8EFF-08069F096C6E}
		{C50159E6-AB98-46A3-81DA-720CC6A8A86E} = {C50159E6-AB98-46A3-81DA-720CC6A8A86E}
		{8D7F86F9-92DE-412A-BA72-88D24927E63E} = {8D7F86F9-92DE-412A-BA72-88D24927E63E}
	EndProjectSection
EndProject
Project("{8BC9CEB8-8B4A-11D0-8D11-00A0C91BC942}") = "OpenGLSupport", "bullet-2.78\msvc\2008\Demos\OpenGL\OpenGLSupport.vcxproj", "{8D7F86F9-92DE-412A-BA72-88D24927E63E}"
EndProject
Project("{8BC9CEB8-8B4A-11D0-8D11-00A0C91BC942}") = "cal3d", "BasicEngine\Graphics\Skeletal\cal3d\cal3d.vcxproj", "{271C4AD6-670C-280A-356B-5B5066959EC2}"
EndProject
Global
	GlobalSection(SolutionConfigurationPlatforms) = preSolution
		Debug|Win32 = Debug|Win32
		Debug|x64 = Debug|x64
		MinSizeRel|Win32 = MinSizeRel|Win32
		MinSizeRel|x64 = MinSizeRel|x64
		Release|Win32 = Release|Win32
		Release|x64 = Release|x64
		RelWithDebInfo|Win32 = RelWithDebInfo|Win32
		RelWithDebInfo|x64 = RelWithDebInfo|x64
	EndGlobalSection
	GlobalSection(ProjectConfigurationPlatforms) = postSolution
		{B125919C-684B-48ED-9BB2-6E6F1BD28C8A}.Debug|Win32.ActiveCfg = Debug|Win32
		{B125919C-684B-48ED-9BB2-6E6F1BD28C8A}.Debug|Win32.Build.0 = Debug|Win32
		{B125919C-684B-48ED-9BB2-6E6F1BD28C8A}.Debug|x64.ActiveCfg = Debug|Win32
		{B125919C-684B-48ED-9BB2-6E6F1BD28C8A}.MinSizeRel|Win32.ActiveCfg = Release|Win32
		{B125919C-684B-48ED-9BB2-6E6F1BD28C8A}.MinSizeRel|Win32.Build.0 = Release|Win32
		{B125919C-684B-48ED-9BB2-6E6F1BD28C8A}.MinSizeRel|x64.ActiveCfg = Release|Win32
		{B125919C-684B-48ED-9BB2-6E6F1BD28C8A}.Release|Win32.ActiveCfg = Release|Win32
		{B125919C-684B-48ED-9BB2-6E6F1BD28C8A}.Release|Win32.Build.0 = Release|Win32
		{B125919C-684B-48ED-9BB2-6E6F1BD28C8A}.Release|x64.ActiveCfg = Release|Win32
		{B125919C-684B-48ED-9BB2-6E6F1BD28C8A}.RelWithDebInfo|Win32.ActiveCfg = Release|Win32
		{B125919C-684B-48ED-9BB2-6E6F1BD28C8A}.RelWithDebInfo|Win32.Build.0 = Release|Win32
		{B125919C-684B-48ED-9BB2-6E6F1BD28C8A}.RelWithDebInfo|x64.ActiveCfg = Release|Win32
		{CFC90933-1F42-4728-A4DC-A14EEF4D2F84}.Debug|Win32.ActiveCfg = Debug|Win32
		{CFC90933-1F42-4728-A4DC-A14EEF4D2F84}.Debug|Win32.Build.0 = Debug|Win32
		{CFC90933-1F42-4728-A4DC-A14EEF4D2F84}.Debug|x64.ActiveCfg = Debug|Win32
		{CFC90933-1F42-4728-A4DC-A14EEF4D2F84}.MinSizeRel|Win32.ActiveCfg = Release|Win32
		{CFC90933-1F42-4728-A4DC-A14EEF4D2F84}.MinSizeRel|Win32.Build.0 = Release|Win32
		{CFC90933-1F42-4728-A4DC-A14EEF4D2F84}.MinSizeRel|x64.ActiveCfg = Release|Win32
		{CFC90933-1F42-4728-A4DC-A14EEF4D2F84}.Release|Win32.ActiveCfg = Release|Win32
		{CFC90933-1F42-4728-A4DC-A14EEF4D2F84}.Release|Win32.Build.0 = Release|Win32
		{CFC90933-1F42-4728-A4DC-A14EEF4D2F84}.Release|x64.ActiveCfg = Release|Win32
		{CFC90933-1F42-4728-A4DC-A14EEF4D2F84}.RelWithDebInfo|Win32.ActiveCfg = Release|Win32
		{CFC90933-1F42-4728-A4DC-A14EEF4D2F84}.RelWithDebInfo|Win32.Build.0 = Release|Win32
		{CFC90933-1F42-4728-A4DC-A14EEF4D2F84}.RelWithDebInfo|x64.ActiveCfg = Release|Win32
		{C0E1329C-3D6F-492D-8EFF-08069F096C6E}.Debug|Win32.ActiveCfg = Debug|Win32
		{C0E1329C-3D6F-492D-8EFF-08069F096C6E}.Debug|Win32.Build.0 = Debug|Win32
		{C0E1329C-3D6F-492D-8EFF-08069F096C6E}.Debug|x64.ActiveCfg = Debug|Win32
		{C0E1329C-3D6F-492D-8EFF-08069F096C6E}.MinSizeRel|Win32.ActiveCfg = MinSizeRel|Win32
		{C0E1329C-3D6F-492D-8EFF-08069F096C6E}.MinSizeRel|Win32.Build.0 = MinSizeRel|Win32
		{C0E1329C-3D6F-492D-8EFF-08069F096C6E}.MinSizeRel|x64.ActiveCfg = MinSizeRel|Win32
		{C0E1329C-3D6F-492D-8EFF-08069F096C6E}.Release|Win32.ActiveCfg = Release|Win32
		{C0E1329C-3D6F-492D-8EFF-08069F096C6E}.Release|Win32.Build.0 = Release|Win32
		{C0E1329C-3D6F-492D-8EFF-08069F096C6E}.Release|x64.ActiveCfg = Release|Win32
		{C0E1329C-3D6F-492D-8EFF-08069F096C6E}.RelWithDebInfo|Win32.ActiveCfg = RelWithDebInfo|Win32
		{C0E1329C-3D6F-492D-8EFF-08069F096C6E}.RelWithDebInfo|Win32.Build.0 = RelWithDebInfo|Win32
		{C0E1329C-3D6F-492D-8EFF-08069F096C6E}.RelWithDebInfo|x64.ActiveCfg = RelWithDebInfo|Win32
		{C50159E6-AB98-46A3-81DA-720CC6A8A86E}.Debug|Win32.ActiveCfg = Debug|Win32
		{C50159E6-AB98-46A3-81DA-720CC6A8A86E}.Debug|Win32.Build.0 = Debug|Win32
		{C50159E6-AB98-46A3-81DA-720CC6A8A86E}.Debug|x64.ActiveCfg = Debug|Win32
		{C50159E6-AB98-46A3-81DA-720CC6A8A86E}.MinSizeRel|Win32.ActiveCfg = MinSizeRel|Win32
		{C50159E6-AB98-46A3-81DA-720CC6A8A86E}.MinSizeRel|Win32.Build.0 = MinSizeRel|Win32
		{C50159E6-AB98-46A3-81DA-720CC6A8A86E}.MinSizeRel|x64.ActiveCfg = MinSizeRel|Win32
		{C50159E6-AB98-46A3-81DA-720CC6A8A86E}.Release|Win32.ActiveCfg = Release|Win32
		{C50159E6-AB98-46A3-81DA-720CC6A8A86E}.Release|Win32.Build.0 = Release|Win32
		{C50159E6-AB98-46A3-81DA-720CC6A8A86E}.Release|x64.ActiveCfg = Release|Win32
		{C50159E6-AB98-46A3-81DA-720CC6A8A86E}.RelWithDebInfo|Win32.ActiveCfg = RelWithDebInfo|Win32
		{C50159E6-AB98-46A3-81DA-720CC6A8A86E}.RelWithDebInfo|Win32.Build.0 = RelWithDebInfo|Win32
		{C50159E6-AB98-46A3-81DA-720CC6A8A86E}.RelWithDebInfo|x64.ActiveCfg = RelWithDebInfo|Win32
		{519F115F-F196-49FE-9B24-49618A6202BB}.Debug|Win32.ActiveCfg = Debug|Win32
		{519F115F-F196-49FE-9B24-49618A6202BB}.Debug|Win32.Build.0 = Debug|Win32
		{519F115F-F196-49FE-9B24-49618A6202BB}.Debug|x64.ActiveCfg = Debug|Win32
		{519F115F-F196-49FE-9B24-49618A6202BB}.MinSizeRel|Win32.ActiveCfg = MinSizeRel|Win32
		{519F115F-F196-49FE-9B24-49618A6202BB}.MinSizeRel|Win32.Build.0 = MinSizeRel|Win32
		{519F115F-F196-49FE-9B24-49618A6202BB}.MinSizeRel|x64.ActiveCfg = MinSizeRel|Win32
		{519F115F-F196-49FE-9B24-49618A6202BB}.Release|Win32.ActiveCfg = Release|Win32
		{519F115F-F196-49FE-9B24-49618A6202BB}.Release|Win32.Build.0 = Release|Win32
		{519F115F-F196-49FE-9B24-49618A6202BB}.Release|x64.ActiveCfg = Release|Win32
		{519F115F-F196-49FE-9B24-49618A6202BB}.RelWithDebInfo|Win32.ActiveCfg = RelWithDebInfo|Win32
		{519F115F-F196-49FE-9B24-49618A6202BB}.RelWithDebInfo|Win32.Build.0 = RelWithDebInfo|Win32
		{519F115F-F196-49FE-9B24-49618A6202BB}.RelWithDebInfo|x64.ActiveCfg = RelWithDebInfo|Win32
		{7FCC64C9-90AB-4ED4-8AB3-3230F2C895FF}.Debug|Win32.ActiveCfg = Debug|Win32
		{7FCC64C9-90AB-4ED4-8AB3-3230F2C895FF}.Debug|Win32.Build.0 = Debug|Win32
		{7FCC64C9-90AB-4ED4-8AB3-3230F2C895FF}.Debug|x64.ActiveCfg = Debug|Win32
		{7FCC64C9-90AB-4ED4-8AB3-3230F2C895FF}.MinSizeRel|Win32.ActiveCfg = Release|Win32
		{7FCC64C9-90AB-4ED4-8AB3-3230F2C895FF}.MinSizeRel|Win32.Build.0 = Release|Win32
		{7FCC64C9-90AB-4ED4-8AB3-3230F2C895FF}.MinSizeRel|x64.ActiveCfg = Release|Win32
		{7FCC64C9-90AB-4ED4-8AB3-3230F2C895FF}.Release|Win32.ActiveCfg = Release|Win32
		{7FCC64C9-90AB-4ED4-8AB3-3230F2C895FF}.Release|Win32.Build.0 = Release|Win32
		{7FCC64C9-90AB-4ED4-8AB3-3230F2C895FF}.Release|x64.ActiveCfg = Release|Win32
		{7FCC64C9-90AB-4ED4-8AB3-3230F2C895FF}.RelWithDebInfo|Win32.ActiveCfg = Release|Win32
		{7FCC64C9-90AB-4ED4-8AB3-3230F2C895FF}.RelWithDebInfo|Win32.Build.0 = Release|Win32
		{7FCC64C9-90AB-4ED4-8AB3-3230F2C895FF}.RelWithDebInfo|x64.ActiveCfg = Release|Win32
		{8D7F86F9-92DE-412A-BA72-88D24927E63E}.Debug|Win32.ActiveCfg = Debug|Win32
		{8D7F86F9-92DE-412A-BA72-88D24927E63E}.Debug|Win32.Build.0 = Debug|Win32
		{8D7F86F9-92DE-412A-BA72-88D24927E63E}.Debug|x64.ActiveCfg = Debug|Win32
		{8D7F86F9-92DE-412A-BA72-88D24927E63E}.MinSizeRel|Win32.ActiveCfg = MinSizeRel|Win32
		{8D7F86F9-92DE-412A-BA72-88D24927E63E}.MinSizeRel|Win32.Build.0 = MinSizeRel|Win32
		{8D7F86F9-92DE-412A-BA72-88D24927E63E}.MinSizeRel|x64.ActiveCfg = MinSizeRel|Win32
		{8D7F86F9-92DE-412A-BA72-88D24927E63E}.Release|Win32.ActiveCfg = Release|Win32
		{8D7F86F9-92DE-412A-BA72-88D24927E63E}.Release|Win32.Build.0 = Release|Win32
		{8D7F86F9-92DE-412A-BA72-88D24927E63E}.Release|x64.ActiveCfg = Release|Win32
		{8D7F86F9-92DE-412A-BA72-88D24927E63E}.RelWithDebInfo|Win32.ActiveCfg = RelWithDebInfo|Win32
		{8D7F86F9-92DE-412A-BA72-88D24927E63E}.RelWithDebInfo|Win32.Build.0 = RelWithDebInfo|Win32
		{8D7F86F9-92DE-412A-BA72-88D24927E63E}.RelWithDebInfo|x64.ActiveCfg = RelWithDebInfo|Win32
		{271C4AD6-670C-280A-356B-5B5066959EC2}.Debug|Win32.ActiveCfg = Debug|Win32
		{271C4AD6-670C-280A-356B-5B5066959EC2}.Debug|Win32.Build.0 = Debug|Win32
		{271C4AD6-670C-280A-356B-5B5066959EC2}.Debug|x64.ActiveCfg = Debug|Win32
		{271C4AD6-670C-280A-356B-5B5066959EC2}.MinSizeRel|Win32.ActiveCfg = Release|Win32
		{271C4AD6-670C-280A-356B-5B5066959EC2}.MinSizeRel|Win32.Build.0 = Release|Win32
		{271C4AD6-670C-280A-356B-5B5066959EC2}.MinSizeRel|x64.ActiveCfg = Release|Win32
		{271C4AD6-670C-280A-356B-5B5066959EC2}.Release|Win32.ActiveCfg = Release|Win32
		{271C4AD6-670C-280A-356B-5B5066959EC2}.Release|Win32.Build.0 = Release|Win32
		{271C4AD6-670C-280A-356B-5B5066959EC2}.Release|x64.ActiveCfg = Release|Win32
		{271C4AD6-670C-280A-356B-5B5066959EC2}.RelWithDebInfo|Win32.ActiveCfg = Release|Win32
		{271C4AD6-670C-280A-356B-5B5066959EC2}.RelWithDebInfo|Win32.Build.0 = Release|Win32
		{271C4AD6-670C-280A-356B-5B5066959EC2}.RelWithDebInfo|x64.ActiveCfg = Release|Win32
	EndGlobalSection
	GlobalSection(SolutionProperties) = preSolution
		HideSolutionNode = FALSE
	EndGlobalSection
EndGlobal
